schema: '2.0'
stages:
  load_data:
    cmd: python src/load_data.py --config=params.yaml
    deps:
    - path: data_given/winequality.csv
      md5: ccc8d3507eb151f53f760d36abdef888
      size: 91998
    - path: src/get_data.py
      md5: 50f124aa2958f3f5fe309aae8606c397
      size: 665
    - path: src/load_data.py
      md5: b2d51cb1f32ba54a045a1dc0467084d0
      size: 701
    outs:
    - path: data/raw/winequality.csv
      md5: d98e8f2eca228c11c4de1cc96866a54d
      size: 93598
  split_data:
    cmd: python src/split_data.py --config=params.yaml
    deps:
    - path: data/raw/winequality.csv
      md5: d98e8f2eca228c11c4de1cc96866a54d
      size: 93598
    - path: src/split_data.py
      md5: a5487515cae5a679285c3a436bf072e6
      size: 1075
    outs:
    - path: data/processed/test_winequality.csv
      md5: 6a0b853a1d116b48c3a5f536925798ea
      size: 18868
    - path: data/processed/train_winequality.csv
      md5: 1915cd6f365a91ed7bdb310b41b4766f
      size: 74876
